// !$*UTF8*$!
{
	archiveVersion = 1;
	classes = {
	};
	objectVersion = 46;
	objects = {

/* Begin PBXBuildFile section */
		7F3B7FC518F2AD6A005C6089 /* Foundation.framework in Frameworks */ = {isa = PBXBuildFile; fileRef = 7F3B7FC418F2AD6A005C6089 /* Foundation.framework */; };
		7F3B7FC718F2AD6A005C6089 /* CoreGraphics.framework in Frameworks */ = {isa = PBXBuildFile; fileRef = 7F3B7FC618F2AD6A005C6089 /* CoreGraphics.framework */; };
		7F3B7FC918F2AD6A005C6089 /* UIKit.framework in Frameworks */ = {isa = PBXBuildFile; fileRef = 7F3B7FC818F2AD6A005C6089 /* UIKit.framework */; };
		7F3B7FCF18F2AD6A005C6089 /* InfoPlist.strings in Resources */ = {isa = PBXBuildFile; fileRef = 7F3B7FCD18F2AD6A005C6089 /* InfoPlist.strings */; };
		7F3B7FD118F2AD6A005C6089 /* main.m in Sources */ = {isa = PBXBuildFile; fileRef = 7F3B7FD018F2AD6A005C6089 /* main.m */; };
		7F3B7FD518F2AD6A005C6089 /* M2GAppDelegate.m in Sources */ = {isa = PBXBuildFile; fileRef = 7F3B7FD418F2AD6A005C6089 /* M2GAppDelegate.m */; };
		7F3B7FD818F2AD6A005C6089 /* Main.storyboard in Resources */ = {isa = PBXBuildFile; fileRef = 7F3B7FD618F2AD6A005C6089 /* Main.storyboard */; };
		7F3B7FDB18F2AD6A005C6089 /* M2GViewController.m in Sources */ = {isa = PBXBuildFile; fileRef = 7F3B7FDA18F2AD6A005C6089 /* M2GViewController.m */; };
		7F3B7FDD18F2AD6A005C6089 /* Images.xcassets in Resources */ = {isa = PBXBuildFile; fileRef = 7F3B7FDC18F2AD6A005C6089 /* Images.xcassets */; };
		7F3B7FE418F2AD6A005C6089 /* XCTest.framework in Frameworks */ = {isa = PBXBuildFile; fileRef = 7F3B7FE318F2AD6A005C6089 /* XCTest.framework */; };
		7F3B7FE518F2AD6A005C6089 /* Foundation.framework in Frameworks */ = {isa = PBXBuildFile; fileRef = 7F3B7FC418F2AD6A005C6089 /* Foundation.framework */; };
		7F3B7FE618F2AD6A005C6089 /* UIKit.framework in Frameworks */ = {isa = PBXBuildFile; fileRef = 7F3B7FC818F2AD6A005C6089 /* UIKit.framework */; };
		7F3B7FEE18F2AD6A005C6089 /* InfoPlist.strings in Resources */ = {isa = PBXBuildFile; fileRef = 7F3B7FEC18F2AD6A005C6089 /* InfoPlist.strings */; };
		7F3B7FF018F2AD6A005C6089 /* TestTests.m in Sources */ = {isa = PBXBuildFile; fileRef = 7F3B7FEF18F2AD6A005C6089 /* TestTests.m */; };
		7F3B7FFC18F2B3A8005C6089 /* Kije7aRiq.jpeg in Resources */ = {isa = PBXBuildFile; fileRef = 7F3B7FF918F2B3A8005C6089 /* Kije7aRiq.jpeg */; };
		7F3B7FFD18F2B3A8005C6089 /* play-titlepic-1.jpg in Resources */ = {isa = PBXBuildFile; fileRef = 7F3B7FFA18F2B3A8005C6089 /* play-titlepic-1.jpg */; };
		7F3B7FFE18F2B3A8005C6089 /* mobile-swatch-set-low-vflJzzcCM.png in Resources */ = {isa = PBXBuildFile; fileRef = 7F3B7FFB18F2B3A8005C6089 /* mobile-swatch-set-low-vflJzzcCM.png */; };
		84F0C1BE18F2B58F004A2A43 /* facebook_share.gif in Resources */ = {isa = PBXBuildFile; fileRef = 84F0C1BD18F2B58F004A2A43 /* facebook_share.gif */; };
/* End PBXBuildFile section */

/* Begin PBXContainerItemProxy section */
		7F3B7FE718F2AD6A005C6089 /* PBXContainerItemProxy */ = {
			isa = PBXContainerItemProxy;
			containerPortal = 7F3B7FB918F2AD6A005C6089 /* Project object */;
			proxyType = 1;
			remoteGlobalIDString = 7F3B7FC018F2AD6A005C6089;
			remoteInfo = Test;
		};
/* End PBXContainerItemProxy section */

/* Begin PBXFileReference section */
		7F3B7FC118F2AD6A005C6089 /* Test.app */ = {isa = PBXFileReference; explicitFileType = wrapper.application; includeInIndex = 0; path = Test.app; sourceTree = BUILT_PRODUCTS_DIR; };
		7F3B7FC418F2AD6A005C6089 /* Foundation.framework */ = {isa = PBXFileReference; lastKnownFileType = wrapper.framework; name = Foundation.framework; path = System/Library/Frameworks/Foundation.framework; sourceTree = SDKROOT; };
		7F3B7FC618F2AD6A005C6089 /* CoreGraphics.framework */ = {isa = PBXFileReference; lastKnownFileType = wrapper.framework; name = CoreGraphics.framework; path = System/Library/Frameworks/CoreGraphics.framework; sourceTree = SDKROOT; };
		7F3B7FC818F2AD6A005C6089 /* UIKit.framework */ = {isa = PBXFileReference; lastKnownFileType = wrapper.framework; name = UIKit.framework; path = System/Library/Frameworks/UIKit.framework; sourceTree = SDKROOT; };
		7F3B7FCC18F2AD6A005C6089 /* Test-Info.plist */ = {isa = PBXFileReference; lastKnownFileType = text.plist.xml; path = "Test-Info.plist"; sourceTree = "<group>"; };
		7F3B7FCE18F2AD6A005C6089 /* en */ = {isa = PBXFileReference; lastKnownFileType = text.plist.strings; name = en; path = en.lproj/InfoPlist.strings; sourceTree = "<group>"; };
		7F3B7FD018F2AD6A005C6089 /* main.m */ = {isa = PBXFileReference; lastKnownFileType = sourcecode.c.objc; path = main.m; sourceTree = "<group>"; };
		7F3B7FD218F2AD6A005C6089 /* Test-Prefix.pch */ = {isa = PBXFileReference; lastKnownFileType = sourcecode.c.h; path = "Test-Prefix.pch"; sourceTree = "<group>"; };
		7F3B7FD318F2AD6A005C6089 /* M2GAppDelegate.h */ = {isa = PBXFileReference; lastKnownFileType = sourcecode.c.h; path = M2GAppDelegate.h; sourceTree = "<group>"; };
		7F3B7FD418F2AD6A005C6089 /* M2GAppDelegate.m */ = {isa = PBXFileReference; lastKnownFileType = sourcecode.c.objc; path = M2GAppDelegate.m; sourceTree = "<group>"; };
		7F3B7FD718F2AD6A005C6089 /* Base */ = {isa = PBXFileReference; lastKnownFileType = file.storyboard; name = Base; path = Base.lproj/Main.storyboard; sourceTree = "<group>"; };
		7F3B7FD918F2AD6A005C6089 /* M2GViewController.h */ = {isa = PBXFileReference; lastKnownFileType = sourcecode.c.h; path = M2GViewController.h; sourceTree = "<group>"; };
		7F3B7FDA18F2AD6A005C6089 /* M2GViewController.m */ = {isa = PBXFileReference; lastKnownFileType = sourcecode.c.objc; path = M2GViewController.m; sourceTree = "<group>"; };
		7F3B7FDC18F2AD6A005C6089 /* Images.xcassets */ = {isa = PBXFileReference; lastKnownFileType = folder.assetcatalog; path = Images.xcassets; sourceTree = "<group>"; };
		7F3B7FE218F2AD6A005C6089 /* TestTests.xctest */ = {isa = PBXFileReference; explicitFileType = wrapper.cfbundle; includeInIndex = 0; path = TestTests.xctest; sourceTree = BUILT_PRODUCTS_DIR; };
		7F3B7FE318F2AD6A005C6089 /* XCTest.framework */ = {isa = PBXFileReference; lastKnownFileType = wrapper.framework; name = XCTest.framework; path = Library/Frameworks/XCTest.framework; sourceTree = DEVELOPER_DIR; };
		7F3B7FEB18F2AD6A005C6089 /* TestTests-Info.plist */ = {isa = PBXFileReference; lastKnownFileType = text.plist.xml; path = "TestTests-Info.plist"; sourceTree = "<group>"; };
		7F3B7FED18F2AD6A005C6089 /* en */ = {isa = PBXFileReference; lastKnownFileType = text.plist.strings; name = en; path = en.lproj/InfoPlist.strings; sourceTree = "<group>"; };
		7F3B7FEF18F2AD6A005C6089 /* TestTests.m */ = {isa = PBXFileReference; lastKnownFileType = sourcecode.c.objc; path = TestTests.m; sourceTree = "<group>"; };
		7F3B7FF918F2B3A8005C6089 /* Kije7aRiq.jpeg */ = {isa = PBXFileReference; lastKnownFileType = image.jpeg; path = Kije7aRiq.jpeg; sourceTree = "<group>"; };
		7F3B7FFA18F2B3A8005C6089 /* play-titlepic-1.jpg */ = {isa = PBXFileReference; lastKnownFileType = image.jpeg; path = "play-titlepic-1.jpg"; sourceTree = "<group>"; };
		7F3B7FFB18F2B3A8005C6089 /* mobile-swatch-set-low-vflJzzcCM.png */ = {isa = PBXFileReference; lastKnownFileType = image.png; path = "mobile-swatch-set-low-vflJzzcCM.png"; sourceTree = "<group>"; };
		84F0C1BD18F2B58F004A2A43 /* facebook_share.gif */ = {isa = PBXFileReference; lastKnownFileType = image.gif; path = facebook_share.gif; sourceTree = "<group>"; };
/* End PBXFileReference section */

/* Begin PBXFrameworksBuildPhase section */
		7F3B7FBE18F2AD6A005C6089 /* Frameworks */ = {
			isa = PBXFrameworksBuildPhase;
			buildActionMask = 2147483647;
			files = (
				7F3B7FC718F2AD6A005C6089 /* CoreGraphics.framework in Frameworks */,
				7F3B7FC918F2AD6A005C6089 /* UIKit.framework in Frameworks */,
				7F3B7FC518F2AD6A005C6089 /* Foundation.framework in Frameworks */,
			);
			runOnlyForDeploymentPostprocessing = 0;
		};
		7F3B7FDF18F2AD6A005C6089 /* Frameworks */ = {
			isa = PBXFrameworksBuildPhase;
			buildActionMask = 2147483647;
			files = (
				7F3B7FE418F2AD6A005C6089 /* XCTest.framework in Frameworks */,
				7F3B7FE618F2AD6A005C6089 /* UIKit.framework in Frameworks */,
				7F3B7FE518F2AD6A005C6089 /* Foundation.framework in Frameworks */,
			);
			runOnlyForDeploymentPostprocessing = 0;
		};
/* End PBXFrameworksBuildPhase section */

/* Begin PBXGroup section */
		7F3B7FB818F2AD6A005C6089 = {
			isa = PBXGroup;
			children = (
				84F0C1BD18F2B58F004A2A43 /* facebook_share.gif */,
				7F3B7FCA18F2AD6A005C6089 /* Test */,
				7F3B7FE918F2AD6A005C6089 /* TestTests */,
				7F3B7FC318F2AD6A005C6089 /* Frameworks */,
				7F3B7FC218F2AD6A005C6089 /* Products */,
			);
			sourceTree = "<group>";
		};
		7F3B7FC218F2AD6A005C6089 /* Products */ = {
			isa = PBXGroup;
			children = (
				7F3B7FC118F2AD6A005C6089 /* Test.app */,
				7F3B7FE218F2AD6A005C6089 /* TestTests.xctest */,
			);
			name = Products;
			sourceTree = "<group>";
		};
		7F3B7FC318F2AD6A005C6089 /* Frameworks */ = {
			isa = PBXGroup;
			children = (
				7F3B7FC418F2AD6A005C6089 /* Foundation.framework */,
				7F3B7FC618F2AD6A005C6089 /* CoreGraphics.framework */,
				7F3B7FC818F2AD6A005C6089 /* UIKit.framework */,
				7F3B7FE318F2AD6A005C6089 /* XCTest.framework */,
			);
			name = Frameworks;
			sourceTree = "<group>";
		};
		7F3B7FCA18F2AD6A005C6089 /* Test */ = {
			isa = PBXGroup;
			children = (
				7F3B7FD318F2AD6A005C6089 /* M2GAppDelegate.h */,
				7F3B7FD418F2AD6A005C6089 /* M2GAppDelegate.m */,
				7F3B7FD618F2AD6A005C6089 /* Main.storyboard */,
				7F3B7FD918F2AD6A005C6089 /* M2GViewController.h */,
				7F3B7FDA18F2AD6A005C6089 /* M2GViewController.m */,
				7F3B7FDC18F2AD6A005C6089 /* Images.xcassets */,
				7F3B7FFF18F2B3AF005C6089 /* img */,
				7F3B7FCB18F2AD6A005C6089 /* Supporting Files */,
			);
			path = Test;
			sourceTree = "<group>";
		};
		7F3B7FCB18F2AD6A005C6089 /* Supporting Files */ = {
			isa = PBXGroup;
			children = (
				7F3B7FCC18F2AD6A005C6089 /* Test-Info.plist */,
				7F3B7FCD18F2AD6A005C6089 /* InfoPlist.strings */,
				7F3B7FD018F2AD6A005C6089 /* main.m */,
				7F3B7FD218F2AD6A005C6089 /* Test-Prefix.pch */,
			);
			name = "Supporting Files";
			sourceTree = "<group>";
		};
		7F3B7FE918F2AD6A005C6089 /* TestTests */ = {
			isa = PBXGroup;
			children = (
				7F3B7FEF18F2AD6A005C6089 /* TestTests.m */,
				7F3B7FEA18F2AD6A005C6089 /* Supporting Files */,
			);
			path = TestTests;
			sourceTree = "<group>";
		};
		7F3B7FEA18F2AD6A005C6089 /* Supporting Files */ = {
			isa = PBXGroup;
			children = (
				7F3B7FEB18F2AD6A005C6089 /* TestTests-Info.plist */,
				7F3B7FEC18F2AD6A005C6089 /* InfoPlist.strings */,
			);
			name = "Supporting Files";
			sourceTree = "<group>";
		};
		7F3B7FFF18F2B3AF005C6089 /* img */ = {
			isa = PBXGroup;
			children = (
				7F3B7FF918F2B3A8005C6089 /* Kije7aRiq.jpeg */,
				7F3B7FFA18F2B3A8005C6089 /* play-titlepic-1.jpg */,
				7F3B7FFB18F2B3A8005C6089 /* mobile-swatch-set-low-vflJzzcCM.png */,
			);
			name = img;
			sourceTree = "<group>";
		};
/* End PBXGroup section */

/* Begin PBXNativeTarget section */
		7F3B7FC018F2AD6A005C6089 /* Test */ = {
			isa = PBXNativeTarget;
			buildConfigurationList = 7F3B7FF318F2AD6A005C6089 /* Build configuration list for PBXNativeTarget "Test" */;
			buildPhases = (
				7F3B7FBD18F2AD6A005C6089 /* Sources */,
				7F3B7FBE18F2AD6A005C6089 /* Frameworks */,
				7F3B7FBF18F2AD6A005C6089 /* Resources */,
			);
			buildRules = (
			);
			dependencies = (
			);
			name = Test;
			productName = Test;
			productReference = 7F3B7FC118F2AD6A005C6089 /* Test.app */;
			productType = "com.apple.product-type.application";
		};
		7F3B7FE118F2AD6A005C6089 /* TestTests */ = {
			isa = PBXNativeTarget;
			buildConfigurationList = 7F3B7FF618F2AD6A005C6089 /* Build configuration list for PBXNativeTarget "TestTests" */;
			buildPhases = (
				7F3B7FDE18F2AD6A005C6089 /* Sources */,
				7F3B7FDF18F2AD6A005C6089 /* Frameworks */,
				7F3B7FE018F2AD6A005C6089 /* Resources */,
			);
			buildRules = (
			);
			dependencies = (
				7F3B7FE818F2AD6A005C6089 /* PBXTargetDependency */,
			);
			name = TestTests;
			productName = TestTests;
			productReference = 7F3B7FE218F2AD6A005C6089 /* TestTests.xctest */;
			productType = "com.apple.product-type.bundle.unit-test";
		};
/* End PBXNativeTarget section */

/* Begin PBXProject section */
		7F3B7FB918F2AD6A005C6089 /* Project object */ = {
			isa = PBXProject;
			attributes = {
				CLASSPREFIX = M2G;
				LastUpgradeCheck = 0510;
				ORGANIZATIONNAME = m2g;
				TargetAttributes = {
					7F3B7FE118F2AD6A005C6089 = {
						TestTargetID = 7F3B7FC018F2AD6A005C6089;
					};
				};
			};
			buildConfigurationList = 7F3B7FBC18F2AD6A005C6089 /* Build configuration list for PBXProject "Test" */;
			compatibilityVersion = "Xcode 3.2";
			developmentRegion = English;
			hasScannedForEncodings = 0;
			knownRegions = (
				en,
				Base,
			);
			mainGroup = 7F3B7FB818F2AD6A005C6089;
			productRefGroup = 7F3B7FC218F2AD6A005C6089 /* Products */;
			projectDirPath = "";
			projectRoot = "";
			targets = (
				7F3B7FC018F2AD6A005C6089 /* Test */,
				7F3B7FE118F2AD6A005C6089 /* TestTests */,
			);
		};
/* End PBXProject section */

/* Begin PBXResourcesBuildPhase section */
		7F3B7FBF18F2AD6A005C6089 /* Resources */ = {
			isa = PBXResourcesBuildPhase;
			buildActionMask = 2147483647;
			files = (
				84F0C1BE18F2B58F004A2A43 /* facebook_share.gif in Resources */,
				7F3B7FDD18F2AD6A005C6089 /* Images.xcassets in Resources */,
				7F3B7FFC18F2B3A8005C6089 /* Kije7aRiq.jpeg in Resources */,
				7F3B7FFD18F2B3A8005C6089 /* play-titlepic-1.jpg in Resources */,
				7F3B7FFE18F2B3A8005C6089 /* mobile-swatch-set-low-vflJzzcCM.png in Resources */,
				7F3B7FCF18F2AD6A005C6089 /* InfoPlist.strings in Resources */,
				7F3B7FD818F2AD6A005C6089 /* Main.storyboard in Resources */,
			);
			runOnlyForDeploymentPostprocessing = 0;
		};
		7F3B7FE018F2AD6A005C6089 /* Resources */ = {
			isa = PBXResourcesBuildPhase;
			buildActionMask = 2147483647;
			files = (
				7F3B7FEE18F2AD6A005C6089 /* InfoPlist.strings in Resources */,
			);
			runOnlyForDeploymentPostprocessing = 0;
		};
/* End PBXResourcesBuildPhase section */

/* Begin PBXSourcesBuildPhase section */
		7F3B7FBD18F2AD6A005C6089 /* Sources */ = {
			isa = PBXSourcesBuildPhase;
			buildActionMask = 2147483647;
			files = (
				7F3B7FD118F2AD6A005C6089 /* main.m in Sources */,
				7F3B7FDB18F2AD6A005C6089 /* M2GViewController.m in Sources */,
				7F3B7FD518F2AD6A005C6089 /* M2GAppDelegate.m in Sources */,
			);
			runOnlyForDeploymentPostprocessing = 0;
		};
		7F3B7FDE18F2AD6A005C6089 /* Sources */ = {
			isa = PBXSourcesBuildPhase;
			buildActionMask = 2147483647;
			files = (
				7F3B7FF018F2AD6A005C6089 /* TestTests.m in Sources */,
			);
			runOnlyForDeploymentPostprocessing = 0;
		};
/* End PBXSourcesBuildPhase section */

/* Begin PBXTargetDependency section */
		7F3B7FE818F2AD6A005C6089 /* PBXTargetDependency */ = {
			isa = PBXTargetDependency;
			target = 7F3B7FC018F2AD6A005C6089 /* Test */;
			targetProxy = 7F3B7FE718F2AD6A005C6089 /* PBXContainerItemProxy */;
		};
/* End PBXTargetDependency section */

/* Begin PBXVariantGroup section */
		7F3B7FCD18F2AD6A005C6089 /* InfoPlist.strings */ = {
			isa = PBXVariantGroup;
			children = (
				7F3B7FCE18F2AD6A005C6089 /* en */,
			);
			name = InfoPlist.strings;
			sourceTree = "<group>";
		};
		7F3B7FD618F2AD6A005C6089 /* Main.storyboard */ = {
			isa = PBXVariantGroup;
			children = (
				7F3B7FD718F2AD6A005C6089 /* Base */,
			);
			name = Main.storyboard;
			sourceTree = "<group>";
		};
		7F3B7FEC18F2AD6A005C6089 /* InfoPlist.strings */ = {
			isa = PBXVariantGroup;
			children = (
				7F3B7FED18F2AD6A005C6089 /* en */,
			);
			name = InfoPlist.strings;
			sourceTree = "<group>";
		};
/* End PBXVariantGroup section */

/* Begin XCBuildConfiguration section */
		7F3B7FF118F2AD6A005C6089 /* Debug */ = {
			isa = XCBuildConfiguration;
			buildSettings = {
				ALWAYS_SEARCH_USER_PATHS = NO;
				CLANG_CXX_LANGUAGE_STANDARD = "gnu++0x";
				CLANG_CXX_LIBRARY = "libc++";
				CLANG_ENABLE_MODULES = YES;
				CLANG_ENABLE_OBJC_ARC = YES;
				CLANG_WARN_BOOL_CONVERSION = YES;
				CLANG_WARN_CONSTANT_CONVERSION = YES;
				CLANG_WARN_DIRECT_OBJC_ISA_USAGE = YES_ERROR;
				CLANG_WARN_EMPTY_BODY = YES;
				CLANG_WARN_ENUM_CONVERSION = YES;
				CLANG_WARN_INT_CONVERSION = YES;
				CLANG_WARN_OBJC_ROOT_CLASS = YES_ERROR;
				CLANG_WARN__DUPLICATE_METHOD_MATCH = YES;
				"CODE_SIGN_IDENTITY[sdk=iphoneos*]" = "iPhone Developer";
				COPY_PHASE_STRIP = NO;
				GCC_C_LANGUAGE_STANDARD = gnu99;
				GCC_DYNAMIC_NO_PIC = NO;
				GCC_OPTIMIZATION_LEVEL = 0;
				GCC_PREPROCESSOR_DEFINITIONS = (
					"DEBUG=1",
					"$(inherited)",
				);
				GCC_SYMBOLS_PRIVATE_EXTERN = NO;
				GCC_WARN_64_TO_32_BIT_CONVERSION = YES;
				GCC_WARN_ABOUT_RETURN_TYPE = YES_ERROR;
				GCC_WARN_UNDECLARED_SELECTOR = YES;
				GCC_WARN_UNINITIALIZED_AUTOS = YES_AGGRESSIVE;
				GCC_WARN_UNUSED_FUNCTION = YES;
				GCC_WARN_UNUSED_VARIABLE = YES;
				IPHONEOS_DEPLOYMENT_TARGET = 7.1;
				ONLY_ACTIVE_ARCH = YES;
				SDKROOT = iphoneos;
			};
			name = Debug;
		};
		7F3B7FF218F2AD6A005C6089 /* Release */ = {
			isa = XCBuildConfiguration;
			buildSettings = {
				ALWAYS_SEARCH_USER_PATHS = NO;
				CLANG_CXX_LANGUAGE_STANDARD = "gnu++0x";
				CLANG_CXX_LIBRARY = "libc++";
				CLANG_ENABLE_MODULES = YES;
				CLANG_ENABLE_OBJC_ARC = YES;
				CLANG_WARN_BOOL_CONVERSION = YES;
				CLANG_WARN_CONSTANT_CONVERSION = YES;
				CLANG_WARN_DIRECT_OBJC_ISA_USAGE = YES_ERROR;
				CLANG_WARN_EMPTY_BODY = YES;
				CLANG_WARN_ENUM_CONVERSION = YES;
				CLANG_WARN_INT_CONVERSION = YES;
				CLANG_WARN_OBJC_ROOT_CLASS = YES_ERROR;
				CLANG_WARN__DUPLICATE_METHOD_MATCH = YES;
				"CODE_SIGN_IDENTITY[sdk=iphoneos*]" = "iPhone Developer";
				COPY_PHASE_STRIP = YES;
				ENABLE_NS_ASSERTIONS = NO;
				GCC_C_LANGUAGE_STANDARD = gnu99;
				GCC_WARN_64_TO_32_BIT_CONVERSION = YES;
				GCC_WARN_ABOUT_RETURN_TYPE = YES_ERROR;
				GCC_WARN_UNDECLARED_SELECTOR = YES;
				GCC_WARN_UNINITIALIZED_AUTOS = YES_AGGRESSIVE;
				GCC_WARN_UNUSED_FUNCTION = YES;
				GCC_WARN_UNUSED_VARIABLE = YES;
				IPHONEOS_DEPLOYMENT_TARGET = 7.1;
				SDKROOT = iphoneos;
				VALIDATE_PRODUCT = YES;
			};
			name = Release;
		};
		7F3B7FF418F2AD6A005C6089 /* Debug */ = {
			isa = XCBuildConfiguration;
			buildSettings = {
				ASSETCATALOG_COMPILER_APPICON_NAME = AppIcon;
				ASSETCATALOG_COMPILER_LAUNCHIMAGE_NAME = LaunchImage;
				GCC_PRECOMPILE_PREFIX_HEADER = YES;
				GCC_PREFIX_HEADER = "Test/Test-Prefix.pch";
				INFOPLIST_FILE = "Test/Test-Info.plist";
				PRODUCT_NAME = "$(TARGET_NAME)";
				WRAPPER_EXTENSION = app;
			};
			name = Debug;
		};
		7F3B7FF518F2AD6A005C6089 /* Release */ = {
			isa = XCBuildConfiguration;
			buildSettings = {
				ASSETCATALOG_COMPILER_APPICON_NAME = AppIcon;
				ASSETCATALOG_COMPILER_LAUNCHIMAGE_NAME = LaunchImage;
				GCC_PRECOMPILE_PREFIX_HEADER = YES;
				GCC_PREFIX_HEADER = "Test/Test-Prefix.pch";
				INFOPLIST_FILE = "Test/Test-Info.plist";
				PRODUCT_NAME = "$(TARGET_NAME)";
				WRAPPER_EXTENSION = app;
			};
			name = Release;
		};
		7F3B7FF718F2AD6A005C6089 /* Debug */ = {
			isa = XCBuildConfiguration;
			buildSettings = {
				BUNDLE_LOADER = "$(BUILT_PRODUCTS_DIR)/Test.app/Test";
				FRAMEWORK_SEARCH_PATHS = (
					"$(SDKROOT)/Developer/Library/Frameworks",
					"$(inherited)",
					"$(DEVELOPER_FRAMEWORKS_DIR)",
				);
				GCC_PRECOMPILE_PREFIX_HEADER = YES;
				GCC_PREFIX_HEADER = "Test/Test-Prefix.pch";
				GCC_PREPROCESSOR_DEFINITIONS = (
					"DEBUG=1",
					"$(inherited)",
				);
				INFOPLIST_FILE = "TestTests/TestTests-Info.plist";
				PRODUCT_NAME = "$(TARGET_NAME)";
				TEST_HOST = "$(BUNDLE_LOADER)";
				WRAPPER_EXTENSION = xctest;
			};
			name = Debug;
		};
		7F3B7FF818F2AD6A005C6089 /* Release */ = {
			isa = XCBuildConfiguration;
			buildSettings = {
				BUNDLE_LOADER = "$(BUILT_PRODUCTS_DIR)/Test.app/Test";
				FRAMEWORK_SEARCH_PATHS = (
					"$(SDKROOT)/Developer/Library/Frameworks",
					"$(inherited)",
					"$(DEVELOPER_FRAMEWORKS_DIR)",
				);
				GCC_PRECOMPILE_PREFIX_HEADER = YES;
				GCC_PREFIX_HEADER = "Test/Test-Prefix.pch";
				INFOPLIST_FILE = "TestTests/TestTests-Info.plist";
				PRODUCT_NAME = "$(TARGET_NAME)";
				TEST_HOST = "$(BUNDLE_LOADER)";
				WRAPPER_EXTENSION = xctest;
			};
			name = Release;
		};
/* End XCBuildConfiguration section */

/* Begin XCConfigurationList section */
		7F3B7FBC18F2AD6A005C6089 /* Build configuration list for PBXProject "Test" */ = {
			isa = XCConfigurationList;
			buildConfigurations = (
				7F3B7FF118F2AD6A005C6089 /* Debug */,
				7F3B7FF218F2AD6A005C6089 /* Release */,
			);
			defaultConfigurationIsVisible = 0;
			defaultConfigurationName = Release;
		};
		7F3B7FF318F2AD6A005C6089 /* Build configuration list for PBXNativeTarget "Test" */ = {
			isa = XCConfigurationList;
			buildConfigurations = (
				7F3B7FF418F2AD6A005C6089 /* Debug */,
				7F3B7FF518F2AD6A005C6089 /* Release */,
			);
			defaultConfigurationIsVisible = 0;
			defaultConfigurationName = Release;
		};
		7F3B7FF618F2AD6A005C6089 /* Build configuration list for PBXNativeTarget "TestTests" */ = {
			isa = XCConfigurationList;
			buildConfigurations = (
				7F3B7FF718F2AD6A005C6089 /* Debug */,
				7F3B7FF818F2AD6A005C6089 /* Release */,
			);
			defaultConfigurationIsVisible = 0;
			defaultConfigurationName = Release;
		};
/* End XCConfigurationList section */
	};
	rootObject = 7F3B7FB918F2AD6A005C6089 /* Project object */;
}
